
Microsoft Visual Studio Solution File, Format Version 12.00
# Visual Studio Version 17
VisualStudioVersion = 17.6.33723.286
MinimumVisualStudioVersion = 10.0.40219.1
Project("{FAE04EC0-301F-11D3-BF4B-00C04F79EFBC}") = "BYTPool", "BYTPool\BYTPool.csproj", "{5BBEC885-181A-42F0-9347-807F5D47D68B}"
EndProject
Global
	GlobalSection(SolutionConfigurationPlatforms) = preSolution
		Debug|Any CPU = Debug|Any CPU
		Release|Any CPU = Release|Any CPU
	EndGlobalSection
	GlobalSection(ProjectConfigurationPlatforms) = postSolution
		{5BBEC885-181A-42F0-9347-807F5D47D68B}.Debug|Any CPU.ActiveCfg = Debug|Any CPU
		{5BBEC885-181A-42F0-9347-807F5D47D68B}.Debug|Any CPU.Build.0 = Debug|Any CPU
		{5BBEC885-181A-42F0-9347-807F5D47D68B}.Release|Any CPU.ActiveCfg = Release|Any CPU
		{5BBEC885-181A-42F0-9347-807F5D47D68B}.Release|Any CPU.Build.0 = Release|Any CPU
	EndGlobalSection
	GlobalSection(SolutionProperties) = preSolution
		HideSolutionNode = FALSE
	EndGlobalSection
	GlobalSection(ExtensibilityGlobals) = postSolution
		SolutionGuid = {800FDD7F-073C-4903-9A48-0B66E7B372E7}
	EndGlobalSection
EndGlobal
